Microsoft Visual Studio Solution File, Format Version 12.00
# Visual Studio Version 17
VisualStudioVersion = 17.5.2.0
MinimumVisualStudioVersion = 10.0.40219.1
Project("{FAE04EC0-301F-11D3-BF4B-00C04F79EFBC}") = "BackendTaskManagement", "BackendTaskManagement.csproj", "{4E5060DF-7DFC-1C54-B178-74B5B58D375F}"
EndProject
Global
	GlobalSection(SolutionConfigurationPlatforms) = preSolution
		Debug|Any CPU = Debug|Any CPU
		Release|Any CPU = Release|Any CPU
	EndGlobalSection
	GlobalSection(ProjectConfigurationPlatforms) = postSolution
		{4E5060DF-7DFC-1C54-B178-74B5B58D375F}.Debug|Any CPU.ActiveCfg = Debug|Any CPU
		{4E5060DF-7DFC-1C54-B178-74B5B58D375F}.Debug|Any CPU.Build.0 = Debug|Any CPU
		{4E5060DF-7DFC-1C54-B178-74B5B58D375F}.Release|Any CPU.ActiveCfg = Release|Any CPU
		{4E5060DF-7DFC-1C54-B178-74B5B58D375F}.Release|Any CPU.Build.0 = Release|Any CPU
	EndGlobalSection
	GlobalSection(SolutionProperties) = preSolution
		HideSolutionNode = FALSE
	EndGlobalSection
	GlobalSection(ExtensibilityGlobals) = postSolution
		SolutionGuid = {C21F3A50-F8BA-46B7-9116-B97690B0E64A}
	EndGlobalSection
EndGlobal
